<?xml version="1.0" encoding="utf-8"?>
<Project ToolsVersion="4.0" xmlns="http://schemas.microsoft.com/developer/msbuild/2003">
  <ItemGroup>
    <Filter Include="Source Files">
      <UniqueIdentifier>{4FC737F1-C7A5-4376-A066-2A32D752A2FF}</UniqueIdentifier>
      <Extensions>cpp;c;cc;cxx;def;odl;idl;hpj;bat;asm;asmx</Extensions>
    </Filter>
    <Filter Include="Header Files">
      <UniqueIdentifier>{93995380-89BD-4b04-88EB-625FBE52EBFB}</UniqueIdentifier>
      <Extensions>h;hpp;hxx;hm;inl;inc;xsd</Extensions>
    </Filter>
    <Filter Include="Resource Files">
      <UniqueIdentifier>{67DA6AB6-F800-4c08-8B7A-83BB121AAD01}</UniqueIdentifier>
      <Extensions>rc;ico;cur;bmp;dlg;rc2;rct;bin;rgs;gif;jpg;jpeg;jpe;resx;tiff;tif;png;wav;mfcribbon-ms</Extensions>
    </Filter>
    <Filter Include="Header Files\Engine">
      <UniqueIdentifier>{8bfd3834-636a-463f-b6cd-b38c4cf25f72}</UniqueIdentifier>
    </Filter>
    <Filter Include="Header Files\Engine\Input">
      <UniqueIdentifier>{cca25145-6bca-493c-88db-b9ee4013dc80}</UniqueIdentifier>
    </Filter>
    <Filter Include="Header Files\GameObjects">
      <UniqueIdentifier>{e3def20c-eeb3-4f44-b6a1-2b2a8e02cbec}</UniqueIdentifier>
    </Filter>
    <Filter Include="Header Files\Mask">
      <UniqueIdentifier>{d600929c-cb4f-4f4e-9302-dd24bb1fb23d}</UniqueIdentifier>
    </Filter>
    <Filter Include="Header Files\Sprites">
      <UniqueIdentifier>{0c3b4e66-4204-4ad6-85df-6a21eee5140c}</UniqueIdentifier>
    </Filter>
    <Filter Include="Source Files\Engine">
      <UniqueIdentifier>{2df17d79-623d-48ca-9baf-481f54bd16da}</UniqueIdentifier>
    </Filter>
    <Filter Include="Source Files\Engine\Input">
      <UniqueIdentifier>{eaf3884e-b7cd-4e99-88c2-2e871c764696}</UniqueIdentifier>
    </Filter>
    <Filter Include="Source Files\GameObjects">
      <UniqueIdentifier>{c2d1a2fd-f3f7-47e1-9c62-205da0936c63}</UniqueIdentifier>
    </Filter>
    <Filter Include="Source Files\Mask">
      <UniqueIdentifier>{23a33e25-7f23-44f6-8486-cd45093f43bf}</UniqueIdentifier>
    </Filter>
    <Filter Include="Source Files\Sprites">
      <UniqueIdentifier>{01251248-d362-4eb6-9c38-c4d7b6a9698c}</UniqueIdentifier>
    </Filter>
    <Filter Include="Source Files\Editor">
      <UniqueIdentifier>{037854a2-b288-41f7-90e4-97fe0ea34414}</UniqueIdentifier>
    </Filter>
    <Filter Include="Header Files\Editor">
      <UniqueIdentifier>{26f7638b-97ec-4d46-bc7d-b88f33c8e3c9}</UniqueIdentifier>
    </Filter>
  </ItemGroup>
  <ItemGroup>
    <ClCompile Include="..\game\Audio.cpp">
      <Filter>Source Files\Engine</Filter>
    </ClCompile>
    <ClCompile Include="..\game\Bitmap.cpp">
      <Filter>Source Files\Engine</Filter>
    </ClCompile>
    <ClCompile Include="..\game\Controller.cpp">
      <Filter>Source Files\Engine\Input</Filter>
    </ClCompile>
    <ClCompile Include="..\game\Display.cpp">
      <Filter>Source Files\Engine</Filter>
    </ClCompile>
    <ClCompile Include="..\game\Exit.cpp">
      <Filter>Source Files\Engine</Filter>
    </ClCompile>
    <ClCompile Include="..\game\globals.cpp">
      <Filter>Source Files\Engine</Filter>
    </ClCompile>
    <ClCompile Include="..\game\Keyboard.cpp">
      <Filter>Source Files\Engine\Input</Filter>
    </ClCompile>
    <ClCompile Include="..\game\Level.cpp">
      <Filter>Source Files\Engine</Filter>
    </ClCompile>
    <ClCompile Include="..\game\Mouse.cpp">
      <Filter>Source Files\Engine\Input</Filter>
    </ClCompile>
    <ClCompile Include="..\game\GameObject.cpp">
      <Filter>Source Files\GameObjects</Filter>
    </ClCompile>
    <ClCompile Include="..\game\obj_Test.cpp">
      <Filter>Source Files\GameObjects</Filter>
    </ClCompile>
    <ClCompile Include="..\game\objManager.cpp">
      <Filter>Source Files\GameObjects</Filter>
    </ClCompile>
    <ClCompile Include="..\game\CircleMask.cpp">
      <Filter>Source Files\Mask</Filter>
    </ClCompile>
    <ClCompile Include="..\game\Mask.cpp">
      <Filter>Source Files\Mask</Filter>
    </ClCompile>
    <ClCompile Include="..\game\RectangleMask.cpp">
      <Filter>Source Files\Mask</Filter>
    </ClCompile>
    <ClCompile Include="..\game\TriangleMask.cpp">
      <Filter>Source Files\Mask</Filter>
    </ClCompile>
    <ClCompile Include="..\game\Text.cpp">
      <Filter>Source Files\Engine</Filter>
    </ClCompile>
    <ClCompile Include="..\game\Sprite.cpp">
      <Filter>Source Files\Sprites</Filter>
    </ClCompile>
    <ClCompile Include="..\game\obj_Test2.cpp">
      <Filter>Source Files\GameObjects</Filter>
    </ClCompile>
    <ClCompile Include="Editor.cpp">
      <Filter>Source Files\Editor</Filter>
    </ClCompile>
    <ClCompile Include="EditorDisplay.cpp">
      <Filter>Source Files\Editor</Filter>
    </ClCompile>
    <ClCompile Include="EditorMain.cpp">
      <Filter>Source Files\Editor</Filter>
    </ClCompile>
    <ClCompile Include="Grid.cpp">
      <Filter>Source Files\Editor</Filter>
    </ClCompile>
  </ItemGroup>
  <ItemGroup>
    <ClInclude Include="..\game\Controller.h">
      <Filter>Header Files\Engine\Input</Filter>
    </ClInclude>
    <ClInclude Include="..\game\Keyboard.h">
      <Filter>Header Files\Engine\Input</Filter>
    </ClInclude>
    <ClInclude Include="..\game\Mouse.h">
      <Filter>Header Files\Engine\Input</Filter>
    </ClInclude>
    <ClInclude Include="..\game\Audio.h">
      <Filter>Header Files\Engine</Filter>
    </ClInclude>
    <ClInclude Include="..\game\Bitmap.h">
      <Filter>Header Files\Engine</Filter>
    </ClInclude>
    <ClInclude Include="..\game\Display.h">
      <Filter>Header Files\Engine</Filter>
    </ClInclude>
    <ClInclude Include="..\game\Exit.h">
      <Filter>Header Files\Engine</Filter>
    </ClInclude>
    <ClInclude Include="..\game\Level.h">
      <Filter>Header Files\Engine</Filter>
    </ClInclude>
    <ClInclude Include="..\game\Text.h">
      <Filter>Header Files\Engine</Filter>
    </ClInclude>
    <ClInclude Include="..\game\GameObject.h">
      <Filter>Header Files\GameObjects</Filter>
    </ClInclude>
    <ClInclude Include="..\game\obj_Test.h">
      <Filter>Header Files\GameObjects</Filter>
    </ClInclude>
    <ClInclude Include="..\game\objManager.h">
      <Filter>Header Files\GameObjects</Filter>
    </ClInclude>
    <ClInclude Include="..\game\Mask.h">
      <Filter>Header Files\Mask</Filter>
    </ClInclude>
    <ClInclude Include="..\game\CircleMask.h">
      <Filter>Header Files\Mask</Filter>
    </ClInclude>
    <ClInclude Include="..\game\RectangleMask.h">
      <Filter>Header Files\Mask</Filter>
    </ClInclude>
    <ClInclude Include="..\game\TriangleMask.h">
      <Filter>Header Files\Mask</Filter>
    </ClInclude>
    <ClInclude Include="..\game\Sprite.h">
      <Filter>Header Files\Sprites</Filter>
    </ClInclude>
    <ClInclude Include="..\game\globals.h">
      <Filter>Header Files\Engine</Filter>
    </ClInclude>
    <ClInclude Include="..\game\obj_Test2.h">
      <Filter>Header Files\GameObjects</Filter>
    </ClInclude>
    <ClInclude Include="Editor.h">
      <Filter>Header Files\Editor</Filter>
    </ClInclude>
    <ClInclude Include="EditorDisplay.h">
      <Filter>Header Files\Editor</Filter>
    </ClInclude>
    <ClInclude Include="Grid.h">
      <Filter>Header Files\Editor</Filter>
    </ClInclude>
  </ItemGroup>
</Project>